
Microsoft Visual Studio Solution File, Format Version 12.00
# Visual Studio Version 17
VisualStudioVersion = 17.10.35122.118
MinimumVisualStudioVersion = 10.0.40219.1
Project("{FAE04EC0-301F-11D3-BF4B-00C04F79EFBC}") = "Restaurant", "Restaurant\Restaurant.csproj", "{17083EBE-426D-41F3-A381-B5626AC3FA68}"
EndProject
Global
	GlobalSection(SolutionConfigurationPlatforms) = preSolution
		Debug|Any CPU = Debug|Any CPU
		Release|Any CPU = Release|Any CPU
	EndGlobalSection
	GlobalSection(ProjectConfigurationPlatforms) = postSolution
		{17083EBE-426D-41F3-A381-B5626AC3FA68}.Debug|Any CPU.ActiveCfg = Debug|Any CPU
		{17083EBE-426D-41F3-A381-B5626AC3FA68}.Debug|Any CPU.Build.0 = Debug|Any CPU
		{17083EBE-426D-41F3-A381-B5626AC3FA68}.Release|Any CPU.ActiveCfg = Release|Any CPU
		{17083EBE-426D-41F3-A381-B5626AC3FA68}.Release|Any CPU.Build.0 = Release|Any CPU
	EndGlobalSection
	GlobalSection(SolutionProperties) = preSolution
		HideSolutionNode = FALSE
	EndGlobalSection
	GlobalSection(ExtensibilityGlobals) = postSolution
		SolutionGuid = {54692716-C95F-4B88-8BFD-0A506568DED1}
	EndGlobalSection
EndGlobal
